
Microsoft Visual Studio Solution File, Format Version 12.00
# Visual Studio Version 16
VisualStudioVersion = 16.0.28729.10
MinimumVisualStudioVersion = 10.0.40219.1
Project("{9A19103F-16F7-4668-BE54-9A1E7A4F7556}") = "ProphetsWay.iBatisTools", "ProphetsWay.iBatisTools\ProphetsWay.iBatisTools.csproj", "{1B34AC74-0090-4F61-92AA-577351BCD41E}"
EndProject
Project("{2150E333-8FDC-42A3-9474-1A3956D46DE8}") = "Solution Items", "Solution Items", "{72D6BA31-464A-45F5-A1C6-E09E30D6493A}"
	ProjectSection(SolutionItems) = preProject
		.\CHANGELOG.md = .\CHANGELOG.md
		.\LICENSE = .\LICENSE
		.\README.md = .\README.md
	EndProjectSection
EndProject
Project("{9A19103F-16F7-4668-BE54-9A1E7A4F7556}") = "ProphetsWay.iBatisTools.Ex.DataAccess", "ProphetsWay.iBatisTools.Ex.DataAccess\ProphetsWay.iBatisTools.Ex.DataAccess.csproj", "{33459A9A-2CF4-41CF-972C-0EE2D836AC3C}"
EndProject
Project("{9A19103F-16F7-4668-BE54-9A1E7A4F7556}") = "ProphetsWay.iBatisTools.Ex.DataAccess.Take1", "ProphetsWay.iBatisTools.Ex.DataAccess.Take1\ProphetsWay.iBatisTools.Ex.DataAccess.Take1.csproj", "{5083B697-4A9E-4B3C-A872-4926BFB99992}"
EndProject
Project("{00D1A9C2-B5F0-4AF3-8072-F6C62B433612}") = "ProphetsWay.iBatisTools.Ex.Database", "ProphetsWay.iBatisTools.Ex.Database\ProphetsWay.iBatisTools.Ex.Database.sqlproj", "{14D737E6-A7AB-447D-B87F-7D50ACE36740}"
EndProject
Project("{9A19103F-16F7-4668-BE54-9A1E7A4F7556}") = "ProphetsWay.iBatisTools.Tests", "ProphetsWay.iBatisTools.Tests\ProphetsWay.iBatisTools.Tests.csproj", "{747EB8E5-B9DA-412A-ADAF-E38D26C0AAF0}"
EndProject
Project("{9A19103F-16F7-4668-BE54-9A1E7A4F7556}") = "ProphetsWay.iBatisTools.Ex.DataAccess.Take2", "ProphetsWay.iBatisTools.Ex.DataAccess.Take2\ProphetsWay.iBatisTools.Ex.DataAccess.Take2.csproj", "{807C0D7A-9D5A-435F-98B4-EAFEB030A627}"
EndProject
Project("{9A19103F-16F7-4668-BE54-9A1E7A4F7556}") = "ProphetsWay.iBatisTools.Ex.DataAccess.Take3", "ProphetsWay.iBatisTools.Ex.DataAccess.Take3\ProphetsWay.iBatisTools.Ex.DataAccess.Take3.csproj", "{F802AFB9-46E1-4FAD-8F71-482875466F9F}"
EndProject
Global
	GlobalSection(SolutionConfigurationPlatforms) = preSolution
		Debug|Any CPU = Debug|Any CPU
		Release|Any CPU = Release|Any CPU
	EndGlobalSection
	GlobalSection(ProjectConfigurationPlatforms) = postSolution
		{1B34AC74-0090-4F61-92AA-577351BCD41E}.Debug|Any CPU.ActiveCfg = Debug|Any CPU
		{1B34AC74-0090-4F61-92AA-577351BCD41E}.Debug|Any CPU.Build.0 = Debug|Any CPU
		{1B34AC74-0090-4F61-92AA-577351BCD41E}.Release|Any CPU.ActiveCfg = Release|Any CPU
		{1B34AC74-0090-4F61-92AA-577351BCD41E}.Release|Any CPU.Build.0 = Release|Any CPU
		{33459A9A-2CF4-41CF-972C-0EE2D836AC3C}.Debug|Any CPU.ActiveCfg = Debug|Any CPU
		{33459A9A-2CF4-41CF-972C-0EE2D836AC3C}.Debug|Any CPU.Build.0 = Debug|Any CPU
		{33459A9A-2CF4-41CF-972C-0EE2D836AC3C}.Release|Any CPU.ActiveCfg = Release|Any CPU
		{33459A9A-2CF4-41CF-972C-0EE2D836AC3C}.Release|Any CPU.Build.0 = Release|Any CPU
		{5083B697-4A9E-4B3C-A872-4926BFB99992}.Debug|Any CPU.ActiveCfg = Debug|Any CPU
		{5083B697-4A9E-4B3C-A872-4926BFB99992}.Debug|Any CPU.Build.0 = Debug|Any CPU
		{5083B697-4A9E-4B3C-A872-4926BFB99992}.Release|Any CPU.ActiveCfg = Release|Any CPU
		{5083B697-4A9E-4B3C-A872-4926BFB99992}.Release|Any CPU.Build.0 = Release|Any CPU
		{14D737E6-A7AB-447D-B87F-7D50ACE36740}.Debug|Any CPU.ActiveCfg = Debug|Any CPU
		{14D737E6-A7AB-447D-B87F-7D50ACE36740}.Debug|Any CPU.Build.0 = Debug|Any CPU
		{14D737E6-A7AB-447D-B87F-7D50ACE36740}.Debug|Any CPU.Deploy.0 = Debug|Any CPU
		{14D737E6-A7AB-447D-B87F-7D50ACE36740}.Release|Any CPU.ActiveCfg = Release|Any CPU
		{14D737E6-A7AB-447D-B87F-7D50ACE36740}.Release|Any CPU.Build.0 = Release|Any CPU
		{14D737E6-A7AB-447D-B87F-7D50ACE36740}.Release|Any CPU.Deploy.0 = Release|Any CPU
		{747EB8E5-B9DA-412A-ADAF-E38D26C0AAF0}.Debug|Any CPU.ActiveCfg = Debug|Any CPU
		{747EB8E5-B9DA-412A-ADAF-E38D26C0AAF0}.Debug|Any CPU.Build.0 = Debug|Any CPU
		{747EB8E5-B9DA-412A-ADAF-E38D26C0AAF0}.Release|Any CPU.ActiveCfg = Release|Any CPU
		{747EB8E5-B9DA-412A-ADAF-E38D26C0AAF0}.Release|Any CPU.Build.0 = Release|Any CPU
		{807C0D7A-9D5A-435F-98B4-EAFEB030A627}.Debug|Any CPU.ActiveCfg = Debug|Any CPU
		{807C0D7A-9D5A-435F-98B4-EAFEB030A627}.Debug|Any CPU.Build.0 = Debug|Any CPU
		{807C0D7A-9D5A-435F-98B4-EAFEB030A627}.Release|Any CPU.ActiveCfg = Release|Any CPU
		{807C0D7A-9D5A-435F-98B4-EAFEB030A627}.Release|Any CPU.Build.0 = Release|Any CPU
		{F802AFB9-46E1-4FAD-8F71-482875466F9F}.Debug|Any CPU.ActiveCfg = Debug|Any CPU
		{F802AFB9-46E1-4FAD-8F71-482875466F9F}.Debug|Any CPU.Build.0 = Debug|Any CPU
		{F802AFB9-46E1-4FAD-8F71-482875466F9F}.Release|Any CPU.ActiveCfg = Release|Any CPU
		{F802AFB9-46E1-4FAD-8F71-482875466F9F}.Release|Any CPU.Build.0 = Release|Any CPU
	EndGlobalSection
	GlobalSection(SolutionProperties) = preSolution
		HideSolutionNode = FALSE
	EndGlobalSection
	GlobalSection(ExtensibilityGlobals) = postSolution
		SolutionGuid = {DFC4394E-2C3F-4621-8C35-5BA69A400E2C}
	EndGlobalSection
EndGlobal
